
Microsoft Visual Studio Solution File, Format Version 12.00
# Visual Studio Version 17
VisualStudioVersion = 17.3.32811.315
MinimumVisualStudioVersion = 10.0.40219.1
Project("{FAE04EC0-301F-11D3-BF4B-00C04F79EFBC}") = "Hippo Menu", "Hippo Menu\Hippo Menu.csproj", "{F79047ED-5942-44E0-86F2-9A3A3DBF0254}"
EndProject
Global
	GlobalSection(SolutionConfigurationPlatforms) = preSolution
		Debug|Any CPU = Debug|Any CPU
		Release|Any CPU = Release|Any CPU
	EndGlobalSection
	GlobalSection(ProjectConfigurationPlatforms) = postSolution
		{F79047ED-5942-44E0-86F2-9A3A3DBF0254}.Debug|Any CPU.ActiveCfg = Debug|Any CPU
		{F79047ED-5942-44E0-86F2-9A3A3DBF0254}.Debug|Any CPU.Build.0 = Debug|Any CPU
		{F79047ED-5942-44E0-86F2-9A3A3DBF0254}.Release|Any CPU.ActiveCfg = Release|Any CPU
		{F79047ED-5942-44E0-86F2-9A3A3DBF0254}.Release|Any CPU.Build.0 = Release|Any CPU
	EndGlobalSection
	GlobalSection(SolutionProperties) = preSolution
		HideSolutionNode = FALSE
	EndGlobalSection
	GlobalSection(ExtensibilityGlobals) = postSolution
		SolutionGuid = {5EB021A8-165E-49F0-8E47-4417AE853DDB}
	EndGlobalSection
EndGlobal
